
Microsoft Visual Studio Solution File, Format Version 12.00
# Visual Studio Version 17
VisualStudioVersion = 17.0.31903.59
MinimumVisualStudioVersion = 10.0.40219.1
Project("{2150E333-8FDC-42A3-9474-1A3956D46DE8}") = "src", "src", "{41AEDF51-CE16-4331-84CA-6A5645759231}"
EndProject
Project("{FAE04EC0-301F-11D3-BF4B-00C04F79EFBC}") = "ConnectTests", "src\ConnectTests\ConnectTests.csproj", "{7339BB7F-9506-4C33-ADB9-A56E63844464}"
EndProject
Global
	GlobalSection(SolutionConfigurationPlatforms) = preSolution
		Debug|Any CPU = Debug|Any CPU
		Release|Any CPU = Release|Any CPU
	EndGlobalSection
	GlobalSection(SolutionProperties) = preSolution
		HideSolutionNode = FALSE
	EndGlobalSection
	GlobalSection(ProjectConfigurationPlatforms) = postSolution
		{7339BB7F-9506-4C33-ADB9-A56E63844464}.Debug|Any CPU.ActiveCfg = Debug|Any CPU
		{7339BB7F-9506-4C33-ADB9-A56E63844464}.Debug|Any CPU.Build.0 = Debug|Any CPU
		{7339BB7F-9506-4C33-ADB9-A56E63844464}.Release|Any CPU.ActiveCfg = Release|Any CPU
		{7339BB7F-9506-4C33-ADB9-A56E63844464}.Release|Any CPU.Build.0 = Release|Any CPU
	EndGlobalSection
	GlobalSection(NestedProjects) = preSolution
		{7339BB7F-9506-4C33-ADB9-A56E63844464} = {41AEDF51-CE16-4331-84CA-6A5645759231}
	EndGlobalSection
EndGlobal
